// !$*UTF8*$!
{
	archiveVersion = 1;
	classes = {
	};
	objectVersion = 50;
	objects = {

/* Begin PBXBuildFile section */
		D0D69A34228FCE7E00E3F8E2 /* AppDelegate.swift in Sources */ = {isa = PBXBuildFile; fileRef = D0D69A33228FCE7E00E3F8E2 /* AppDelegate.swift */; };
		D0D69A36228FCE7E00E3F8E2 /* ContactsListViewController.swift in Sources */ = {isa = PBXBuildFile; fileRef = D0D69A35228FCE7E00E3F8E2 /* ContactsListViewController.swift */; };
		D0D69A39228FCE7E00E3F8E2 /* Main.storyboard in Resources */ = {isa = PBXBuildFile; fileRef = D0D69A37228FCE7E00E3F8E2 /* Main.storyboard */; };
		D0D69A3B228FCE8000E3F8E2 /* Assets.xcassets in Resources */ = {isa = PBXBuildFile; fileRef = D0D69A3A228FCE8000E3F8E2 /* Assets.xcassets */; };
		D0D69A3E228FCE8000E3F8E2 /* LaunchScreen.storyboard in Resources */ = {isa = PBXBuildFile; fileRef = D0D69A3C228FCE8000E3F8E2 /* LaunchScreen.storyboard */; };
		D0D69A47228FCEE300E3F8E2 /* APIHandler.swift in Sources */ = {isa = PBXBuildFile; fileRef = D0D69A46228FCEE300E3F8E2 /* APIHandler.swift */; };
		D0D69A4B228FCFD000E3F8E2 /* ContactsAPIHandler.swift in Sources */ = {isa = PBXBuildFile; fileRef = D0D69A4A228FCFD000E3F8E2 /* ContactsAPIHandler.swift */; };
		D0D69A4E228FE6A000E3F8E2 /* ContactDataModel.swift in Sources */ = {isa = PBXBuildFile; fileRef = D0D69A4D228FE6A000E3F8E2 /* ContactDataModel.swift */; };
		D0D69A50228FE6E300E3F8E2 /* AppDataModel.swift in Sources */ = {isa = PBXBuildFile; fileRef = D0D69A4F228FE6E300E3F8E2 /* AppDataModel.swift */; };
		D0D69A55229000D200E3F8E2 /* Dynamic.swift in Sources */ = {isa = PBXBuildFile; fileRef = D0D69A54229000D200E3F8E2 /* Dynamic.swift */; };
		D0D69A592290279800E3F8E2 /* ContactTableViewCell.swift in Sources */ = {isa = PBXBuildFile; fileRef = D0D69A582290279800E3F8E2 /* ContactTableViewCell.swift */; };
		D0D69A5C229076EB00E3F8E2 /* ViewContactViewController.swift in Sources */ = {isa = PBXBuildFile; fileRef = D0D69A5B229076EB00E3F8E2 /* ViewContactViewController.swift */; };
		D0D69A5E22907A7400E3F8E2 /* Colors.swift in Sources */ = {isa = PBXBuildFile; fileRef = D0D69A5D22907A7400E3F8E2 /* Colors.swift */; };
		D0D69A622291441800E3F8E2 /* EditContactViewController.swift in Sources */ = {isa = PBXBuildFile; fileRef = D0D69A612291441800E3F8E2 /* EditContactViewController.swift */; };
/* End PBXBuildFile section */

/* Begin PBXFileReference section */
		D0D69A30228FCE7E00E3F8E2 /* GoJekContactApp.app */ = {isa = PBXFileReference; explicitFileType = wrapper.application; includeInIndex = 0; path = GoJekContactApp.app; sourceTree = BUILT_PRODUCTS_DIR; };
		D0D69A33228FCE7E00E3F8E2 /* AppDelegate.swift */ = {isa = PBXFileReference; lastKnownFileType = sourcecode.swift; path = AppDelegate.swift; sourceTree = "<group>"; };
		D0D69A35228FCE7E00E3F8E2 /* ContactsListViewController.swift */ = {isa = PBXFileReference; lastKnownFileType = sourcecode.swift; path = ContactsListViewController.swift; sourceTree = "<group>"; };
		D0D69A38228FCE7E00E3F8E2 /* Base */ = {isa = PBXFileReference; lastKnownFileType = file.storyboard; name = Base; path = Base.lproj/Main.storyboard; sourceTree = "<group>"; };
		D0D69A3A228FCE8000E3F8E2 /* Assets.xcassets */ = {isa = PBXFileReference; lastKnownFileType = folder.assetcatalog; path = Assets.xcassets; sourceTree = "<group>"; };
		D0D69A3D228FCE8000E3F8E2 /* Base */ = {isa = PBXFileReference; lastKnownFileType = file.storyboard; name = Base; path = Base.lproj/LaunchScreen.storyboard; sourceTree = "<group>"; };
		D0D69A3F228FCE8000E3F8E2 /* Info.plist */ = {isa = PBXFileReference; lastKnownFileType = text.plist.xml; path = Info.plist; sourceTree = "<group>"; };
		D0D69A46228FCEE300E3F8E2 /* APIHandler.swift */ = {isa = PBXFileReference; lastKnownFileType = sourcecode.swift; path = APIHandler.swift; sourceTree = "<group>"; };
		D0D69A4A228FCFD000E3F8E2 /* ContactsAPIHandler.swift */ = {isa = PBXFileReference; lastKnownFileType = sourcecode.swift; path = ContactsAPIHandler.swift; sourceTree = "<group>"; };
		D0D69A4D228FE6A000E3F8E2 /* ContactDataModel.swift */ = {isa = PBXFileReference; lastKnownFileType = sourcecode.swift; path = ContactDataModel.swift; sourceTree = "<group>"; };
		D0D69A4F228FE6E300E3F8E2 /* AppDataModel.swift */ = {isa = PBXFileReference; lastKnownFileType = sourcecode.swift; path = AppDataModel.swift; sourceTree = "<group>"; };
		D0D69A54229000D200E3F8E2 /* Dynamic.swift */ = {isa = PBXFileReference; lastKnownFileType = sourcecode.swift; path = Dynamic.swift; sourceTree = "<group>"; };
		D0D69A582290279800E3F8E2 /* ContactTableViewCell.swift */ = {isa = PBXFileReference; lastKnownFileType = sourcecode.swift; path = ContactTableViewCell.swift; sourceTree = "<group>"; };
		D0D69A5B229076EB00E3F8E2 /* ViewContactViewController.swift */ = {isa = PBXFileReference; lastKnownFileType = sourcecode.swift; path = ViewContactViewController.swift; sourceTree = "<group>"; };
		D0D69A5D22907A7400E3F8E2 /* Colors.swift */ = {isa = PBXFileReference; lastKnownFileType = sourcecode.swift; path = Colors.swift; sourceTree = "<group>"; };
		D0D69A612291441800E3F8E2 /* EditContactViewController.swift */ = {isa = PBXFileReference; lastKnownFileType = sourcecode.swift; path = EditContactViewController.swift; sourceTree = "<group>"; };
/* End PBXFileReference section */

/* Begin PBXFrameworksBuildPhase section */
		D0D69A2D228FCE7E00E3F8E2 /* Frameworks */ = {
			isa = PBXFrameworksBuildPhase;
			buildActionMask = 2147483647;
			files = (
			);
			runOnlyForDeploymentPostprocessing = 0;
		};
/* End PBXFrameworksBuildPhase section */

/* Begin PBXGroup section */
		D0D69A27228FCE7E00E3F8E2 = {
			isa = PBXGroup;
			children = (
				D0D69A32228FCE7E00E3F8E2 /* GoJekContactApp */,
				D0D69A31228FCE7E00E3F8E2 /* Products */,
			);
			sourceTree = "<group>";
		};
		D0D69A31228FCE7E00E3F8E2 /* Products */ = {
			isa = PBXGroup;
			children = (
				D0D69A30228FCE7E00E3F8E2 /* GoJekContactApp.app */,
			);
			name = Products;
			sourceTree = "<group>";
		};
		D0D69A32228FCE7E00E3F8E2 /* GoJekContactApp */ = {
			isa = PBXGroup;
			children = (
				D0D69A45228FCEC100E3F8E2 /* API Handler */,
				D0D69A562290275800E3F8E2 /* Controllers */,
				D0D69A53229000C600E3F8E2 /* Helpers */,
				D0D69A33228FCE7E00E3F8E2 /* AppDelegate.swift */,
				D0D69A37228FCE7E00E3F8E2 /* Main.storyboard */,
				D0D69A3A228FCE8000E3F8E2 /* Assets.xcassets */,
				D0D69A3C228FCE8000E3F8E2 /* LaunchScreen.storyboard */,
				D0D69A3F228FCE8000E3F8E2 /* Info.plist */,
			);
			path = GoJekContactApp;
			sourceTree = "<group>";
		};
		D0D69A45228FCEC100E3F8E2 /* API Handler */ = {
			isa = PBXGroup;
			children = (
				D0D69A4C228FCFD600E3F8E2 /* Contacts */,
				D0D69A46228FCEE300E3F8E2 /* APIHandler.swift */,
				D0D69A4F228FE6E300E3F8E2 /* AppDataModel.swift */,
			);
			path = "API Handler";
			sourceTree = "<group>";
		};
		D0D69A4C228FCFD600E3F8E2 /* Contacts */ = {
			isa = PBXGroup;
			children = (
				D0D69A4A228FCFD000E3F8E2 /* ContactsAPIHandler.swift */,
				D0D69A4D228FE6A000E3F8E2 /* ContactDataModel.swift */,
			);
			path = Contacts;
			sourceTree = "<group>";
		};
		D0D69A53229000C600E3F8E2 /* Helpers */ = {
			isa = PBXGroup;
			children = (
				D0D69A54229000D200E3F8E2 /* Dynamic.swift */,
				D0D69A5D22907A7400E3F8E2 /* Colors.swift */,
			);
			path = Helpers;
			sourceTree = "<group>";
		};
		D0D69A562290275800E3F8E2 /* Controllers */ = {
			isa = PBXGroup;
			children = (
				D0D69A5A229076CF00E3F8E2 /* Edit Contact */,
				D0D69A572290276A00E3F8E2 /* Contacts List */,
			);
			path = Controllers;
			sourceTree = "<group>";
		};
		D0D69A572290276A00E3F8E2 /* Contacts List */ = {
			isa = PBXGroup;
			children = (
				D0D69A582290279800E3F8E2 /* ContactTableViewCell.swift */,
				D0D69A35228FCE7E00E3F8E2 /* ContactsListViewController.swift */,
			);
			path = "Contacts List";
			sourceTree = "<group>";
		};
		D0D69A5A229076CF00E3F8E2 /* Edit Contact */ = {
			isa = PBXGroup;
			children = (
				D0D69A5B229076EB00E3F8E2 /* ViewContactViewController.swift */,
				D0D69A612291441800E3F8E2 /* EditContactViewController.swift */,
			);
			path = "Edit Contact";
			sourceTree = "<group>";
		};
/* End PBXGroup section */

/* Begin PBXNativeTarget section */
		D0D69A2F228FCE7E00E3F8E2 /* GoJekContactApp */ = {
			isa = PBXNativeTarget;
			buildConfigurationList = D0D69A42228FCE8000E3F8E2 /* Build configuration list for PBXNativeTarget "GoJekContactApp" */;
			buildPhases = (
				D0D69A2C228FCE7E00E3F8E2 /* Sources */,
				D0D69A2D228FCE7E00E3F8E2 /* Frameworks */,
				D0D69A2E228FCE7E00E3F8E2 /* Resources */,
			);
			buildRules = (
			);
			dependencies = (
			);
			name = GoJekContactApp;
			productName = GoJekContactApp;
			productReference = D0D69A30228FCE7E00E3F8E2 /* GoJekContactApp.app */;
			productType = "com.apple.product-type.application";
		};
/* End PBXNativeTarget section */

/* Begin PBXProject section */
		D0D69A28228FCE7E00E3F8E2 /* Project object */ = {
			isa = PBXProject;
			attributes = {
				LastSwiftUpdateCheck = 1010;
				LastUpgradeCheck = 1010;
				ORGANIZATIONNAME = Faraz;
				TargetAttributes = {
					D0D69A2F228FCE7E00E3F8E2 = {
						CreatedOnToolsVersion = 10.1;
					};
				};
			};
			buildConfigurationList = D0D69A2B228FCE7E00E3F8E2 /* Build configuration list for PBXProject "GoJekContactApp" */;
			compatibilityVersion = "Xcode 9.3";
			developmentRegion = en;
			hasScannedForEncodings = 0;
			knownRegions = (
				en,
				Base,
			);
			mainGroup = D0D69A27228FCE7E00E3F8E2;
			productRefGroup = D0D69A31228FCE7E00E3F8E2 /* Products */;
			projectDirPath = "";
			projectRoot = "";
			targets = (
				D0D69A2F228FCE7E00E3F8E2 /* GoJekContactApp */,
			);
		};
/* End PBXProject section */

/* Begin PBXResourcesBuildPhase section */
		D0D69A2E228FCE7E00E3F8E2 /* Resources */ = {
			isa = PBXResourcesBuildPhase;
			buildActionMask = 2147483647;
			files = (
				D0D69A3E228FCE8000E3F8E2 /* LaunchScreen.storyboard in Resources */,
				D0D69A3B228FCE8000E3F8E2 /* Assets.xcassets in Resources */,
				D0D69A39228FCE7E00E3F8E2 /* Main.storyboard in Resources */,
			);
			runOnlyForDeploymentPostprocessing = 0;
		};
/* End PBXResourcesBuildPhase section */

/* Begin PBXSourcesBuildPhase section */
		D0D69A2C228FCE7E00E3F8E2 /* Sources */ = {
			isa = PBXSourcesBuildPhase;
			buildActionMask = 2147483647;
			files = (
				D0D69A4B228FCFD000E3F8E2 /* ContactsAPIHandler.swift in Sources */,
				D0D69A5E22907A7400E3F8E2 /* Colors.swift in Sources */,
				D0D69A47228FCEE300E3F8E2 /* APIHandler.swift in Sources */,
				D0D69A4E228FE6A000E3F8E2 /* ContactDataModel.swift in Sources */,
				D0D69A50228FE6E300E3F8E2 /* AppDataModel.swift in Sources */,
				D0D69A55229000D200E3F8E2 /* Dynamic.swift in Sources */,
				D0D69A5C229076EB00E3F8E2 /* ViewContactViewController.swift in Sources */,
				D0D69A592290279800E3F8E2 /* ContactTableViewCell.swift in Sources */,
				D0D69A36228FCE7E00E3F8E2 /* ContactsListViewController.swift in Sources */,
				D0D69A34228FCE7E00E3F8E2 /* AppDelegate.swift in Sources */,
				D0D69A622291441800E3F8E2 /* EditContactViewController.swift in Sources */,
			);
			runOnlyForDeploymentPostprocessing = 0;
		};
/* End PBXSourcesBuildPhase section */

/* Begin PBXVariantGroup section */
		D0D69A37228FCE7E00E3F8E2 /* Main.storyboard */ = {
			isa = PBXVariantGroup;
			children = (
				D0D69A38228FCE7E00E3F8E2 /* Base */,
			);
			name = Main.storyboard;
			sourceTree = "<group>";
		};
		D0D69A3C228FCE8000E3F8E2 /* LaunchScreen.storyboard */ = {
			isa = PBXVariantGroup;
			children = (
				D0D69A3D228FCE8000E3F8E2 /* Base */,
			);
			name = LaunchScreen.storyboard;
			sourceTree = "<group>";
		};
/* End PBXVariantGroup section */

/* Begin XCBuildConfiguration section */
		D0D69A40228FCE8000E3F8E2 /* Debug */ = {
			isa = XCBuildConfiguration;
			buildSettings = {
				ALWAYS_SEARCH_USER_PATHS = NO;
				CLANG_ANALYZER_NONNULL = YES;
				CLANG_ANALYZER_NUMBER_OBJECT_CONVERSION = YES_AGGRESSIVE;
				CLANG_CXX_LANGUAGE_STANDARD = "gnu++14";
				CLANG_CXX_LIBRARY = "libc++";
				CLANG_ENABLE_MODULES = YES;
				CLANG_ENABLE_OBJC_ARC = YES;
				CLANG_ENABLE_OBJC_WEAK = YES;
				CLANG_WARN_BLOCK_CAPTURE_AUTORELEASING = YES;
				CLANG_WARN_BOOL_CONVERSION = YES;
				CLANG_WARN_COMMA = YES;
				CLANG_WARN_CONSTANT_CONVERSION = YES;
				CLANG_WARN_DEPRECATED_OBJC_IMPLEMENTATIONS = YES;
				CLANG_WARN_DIRECT_OBJC_ISA_USAGE = YES_ERROR;
				CLANG_WARN_DOCUMENTATION_COMMENTS = YES;
				CLANG_WARN_EMPTY_BODY = YES;
				CLANG_WARN_ENUM_CONVERSION = YES;
				CLANG_WARN_INFINITE_RECURSION = YES;
				CLANG_WARN_INT_CONVERSION = YES;
				CLANG_WARN_NON_LITERAL_NULL_CONVERSION = YES;
				CLANG_WARN_OBJC_IMPLICIT_RETAIN_SELF = YES;
				CLANG_WARN_OBJC_LITERAL_CONVERSION = YES;
				CLANG_WARN_OBJC_ROOT_CLASS = YES_ERROR;
				CLANG_WARN_RANGE_LOOP_ANALYSIS = YES;
				CLANG_WARN_STRICT_PROTOTYPES = YES;
				CLANG_WARN_SUSPICIOUS_MOVE = YES;
				CLANG_WARN_UNGUARDED_AVAILABILITY = YES_AGGRESSIVE;
				CLANG_WARN_UNREACHABLE_CODE = YES;
				CLANG_WARN__DUPLICATE_METHOD_MATCH = YES;
				CODE_SIGN_IDENTITY = "iPhone Developer";
				COPY_PHASE_STRIP = NO;
				DEBUG_INFORMATION_FORMAT = dwarf;
				ENABLE_STRICT_OBJC_MSGSEND = YES;
				ENABLE_TESTABILITY = YES;
				GCC_C_LANGUAGE_STANDARD = gnu11;
				GCC_DYNAMIC_NO_PIC = NO;
				GCC_NO_COMMON_BLOCKS = YES;
				GCC_OPTIMIZATION_LEVEL = 0;
				GCC_PREPROCESSOR_DEFINITIONS = (
					"DEBUG=1",
					"$(inherited)",
				);
				GCC_WARN_64_TO_32_BIT_CONVERSION = YES;
				GCC_WARN_ABOUT_RETURN_TYPE = YES_ERROR;
				GCC_WARN_UNDECLARED_SELECTOR = YES;
				GCC_WARN_UNINITIALIZED_AUTOS = YES_AGGRESSIVE;
				GCC_WARN_UNUSED_FUNCTION = YES;
				GCC_WARN_UNUSED_VARIABLE = YES;
				IPHONEOS_DEPLOYMENT_TARGET = 12.1;
				MTL_ENABLE_DEBUG_INFO = INCLUDE_SOURCE;
				MTL_FAST_MATH = YES;
				ONLY_ACTIVE_ARCH = YES;
				SDKROOT = iphoneos;
				SWIFT_ACTIVE_COMPILATION_CONDITIONS = DEBUG;
				SWIFT_OPTIMIZATION_LEVEL = "-Onone";
			};
			name = Debug;
		};
		D0D69A41228FCE8000E3F8E2 /* Release */ = {
			isa = XCBuildConfiguration;
			buildSettings = {
				ALWAYS_SEARCH_USER_PATHS = NO;
				CLANG_ANALYZER_NONNULL = YES;
				CLANG_ANALYZER_NUMBER_OBJECT_CONVERSION = YES_AGGRESSIVE;
				CLANG_CXX_LANGUAGE_STANDARD = "gnu++14";
				CLANG_CXX_LIBRARY = "libc++";
				CLANG_ENABLE_MODULES = YES;
				CLANG_ENABLE_OBJC_ARC = YES;
				CLANG_ENABLE_OBJC_WEAK = YES;
				CLANG_WARN_BLOCK_CAPTURE_AUTORELEASING = YES;
				CLANG_WARN_BOOL_CONVERSION = YES;
				CLANG_WARN_COMMA = YES;
				CLANG_WARN_CONSTANT_CONVERSION = YES;
				CLANG_WARN_DEPRECATED_OBJC_IMPLEMENTATIONS = YES;
				CLANG_WARN_DIRECT_OBJC_ISA_USAGE = YES_ERROR;
				CLANG_WARN_DOCUMENTATION_COMMENTS = YES;
				CLANG_WARN_EMPTY_BODY = YES;
				CLANG_WARN_ENUM_CONVERSION = YES;
				CLANG_WARN_INFINITE_RECURSION = YES;
				CLANG_WARN_INT_CONVERSION = YES;
				CLANG_WARN_NON_LITERAL_NULL_CONVERSION = YES;
				CLANG_WARN_OBJC_IMPLICIT_RETAIN_SELF = YES;
				CLANG_WARN_OBJC_LITERAL_CONVERSION = YES;
				CLANG_WARN_OBJC_ROOT_CLASS = YES_ERROR;
				CLANG_WARN_RANGE_LOOP_ANALYSIS = YES;
				CLANG_WARN_STRICT_PROTOTYPES = YES;
				CLANG_WARN_SUSPICIOUS_MOVE = YES;
				CLANG_WARN_UNGUARDED_AVAILABILITY = YES_AGGRESSIVE;
				CLANG_WARN_UNREACHABLE_CODE = YES;
				CLANG_WARN__DUPLICATE_METHOD_MATCH = YES;
				CODE_SIGN_IDENTITY = "iPhone Developer";
				COPY_PHASE_STRIP = NO;
				DEBUG_INFORMATION_FORMAT = "dwarf-with-dsym";
				ENABLE_NS_ASSERTIONS = NO;
				ENABLE_STRICT_OBJC_MSGSEND = YES;
				GCC_C_LANGUAGE_STANDARD = gnu11;
				GCC_NO_COMMON_BLOCKS = YES;
				GCC_WARN_64_TO_32_BIT_CONVERSION = YES;
				GCC_WARN_ABOUT_RETURN_TYPE = YES_ERROR;
				GCC_WARN_UNDECLARED_SELECTOR = YES;
				GCC_WARN_UNINITIALIZED_AUTOS = YES_AGGRESSIVE;
				GCC_WARN_UNUSED_FUNCTION = YES;
				GCC_WARN_UNUSED_VARIABLE = YES;
				IPHONEOS_DEPLOYMENT_TARGET = 12.1;
				MTL_ENABLE_DEBUG_INFO = NO;
				MTL_FAST_MATH = YES;
				SDKROOT = iphoneos;
				SWIFT_COMPILATION_MODE = wholemodule;
				SWIFT_OPTIMIZATION_LEVEL = "-O";
				VALIDATE_PRODUCT = YES;
			};
			name = Release;
		};
		D0D69A43228FCE8000E3F8E2 /* Debug */ = {
			isa = XCBuildConfiguration;
			buildSettings = {
				ASSETCATALOG_COMPILER_APPICON_NAME = AppIcon;
				CODE_SIGN_STYLE = Automatic;
				DEVELOPMENT_TEAM = 65CHXDU6A7;
				INFOPLIST_FILE = GoJekContactApp/Info.plist;
				LD_RUNPATH_SEARCH_PATHS = (
					"$(inherited)",
					"@executable_path/Frameworks",
				);
				PRODUCT_BUNDLE_IDENTIFIER = com.BlueTie.GoJekContactApp;
				PRODUCT_NAME = "$(TARGET_NAME)";
				SWIFT_VERSION = 4.2;
				TARGETED_DEVICE_FAMILY = "1,2";
			};
			name = Debug;
		};
		D0D69A44228FCE8000E3F8E2 /* Release */ = {
			isa = XCBuildConfiguration;
			buildSettings = {
				ASSETCATALOG_COMPILER_APPICON_NAME = AppIcon;
				CODE_SIGN_STYLE = Automatic;
				DEVELOPMENT_TEAM = 65CHXDU6A7;
				INFOPLIST_FILE = GoJekContactApp/Info.plist;
				LD_RUNPATH_SEARCH_PATHS = (
					"$(inherited)",
					"@executable_path/Frameworks",
				);
				PRODUCT_BUNDLE_IDENTIFIER = com.BlueTie.GoJekContactApp;
				PRODUCT_NAME = "$(TARGET_NAME)";
				SWIFT_VERSION = 4.2;
				TARGETED_DEVICE_FAMILY = "1,2";
			};
			name = Release;
		};
/* End XCBuildConfiguration section */

/* Begin XCConfigurationList section */
		D0D69A2B228FCE7E00E3F8E2 /* Build configuration list for PBXProject "GoJekContactApp" */ = {
			isa = XCConfigurationList;
			buildConfigurations = (
				D0D69A40228FCE8000E3F8E2 /* Debug */,
				D0D69A41228FCE8000E3F8E2 /* Release */,
			);
			defaultConfigurationIsVisible = 0;
			defaultConfigurationName = Release;
		};
		D0D69A42228FCE8000E3F8E2 /* Build configuration list for PBXNativeTarget "GoJekContactApp" */ = {
			isa = XCConfigurationList;
			buildConfigurations = (
				D0D69A43228FCE8000E3F8E2 /* Debug */,
				D0D69A44228FCE8000E3F8E2 /* Release */,
			);
			defaultConfigurationIsVisible = 0;
			defaultConfigurationName = Release;
		};
/* End XCConfigurationList section */
	};
	rootObject = D0D69A28228FCE7E00E3F8E2 /* Project object */;
}
